{
  "version": 4,
  "terraform_version": "1.13.4",
  "serial": 1,
  "lineage": "154e1ad0-360a-ab41-9ca9-4820257b85bd",
  "outputs": {},
  "resources": [
    {
      "mode": "managed",
      "type": "local_file",
      "name": "example",
      "provider": "provider[\"registry.terraform.io/hashicorp/local\"]",
      "instances": [
        {
          "schema_version": 0,
          "attributes": {
            "content": "Hello Terraform! This is a local setup.",
            "content_base64": null,
            "content_base64sha256": "FIDSD5Pt0rfgSdPEpA6ylshP+keoHtNH3tea2ZQav7A=",
            "content_base64sha512": "2JB6JYukIyBoWGz1IzBVJk9h1xLiOCKzEpTWHUs3RSbJi7smJnNEc4fVlSdVq+jMfq+dqtV76iWXFtqgSgaXIg==",
            "content_md5": "857a5b4b0f4b0603573526041a8936ea",
            "content_sha1": "94b0cb1eb1e854374891647ad9a99e6c5635f271",
            "content_sha256": "1480d20f93edd2b7e049d3c4a40eb296c84ffa47a81ed347ded79ad9941abfb0",
            "content_sha512": "d8907a258ba4232068586cf5233055264f61d712e23822b31294d61d4b374526c98bbb262673447387d5952755abe8cc7eaf9daad57bea259716daa04a069722",
            "directory_permission": "0777",
            "file_permission": "0777",
            "filename": "hello.txt",
            "id": "94b0cb1eb1e854374891647ad9a99e6c5635f271",
            "sensitive_content": null,
            "source": null
          },
          "sensitive_attributes": [
            [
              {
                "type": "get_attr",
                "value": "sensitive_content"
              }
            ]
          ],
          "identity_schema_version": 0
        }
      ]
    }
  ],
  "check_results": null
}
